// !$*UTF8*$!
{
	archiveVersion = 1;
	classes = {
	};
	objectVersion = 56;
	objects = {

/* Begin PBXBuildFile section */
		FE48C1692B60E0CD005462AE /* ios_submissionApp.swift in Sources */ = {isa = PBXBuildFile; fileRef = FE48C1682B60E0CD005462AE /* ios_submissionApp.swift */; };
		FE48C16B2B60E0CD005462AE /* ContentView.swift in Sources */ = {isa = PBXBuildFile; fileRef = FE48C16A2B60E0CD005462AE /* ContentView.swift */; };
		FE48C16D2B60E0CE005462AE /* Assets.xcassets in Resources */ = {isa = PBXBuildFile; fileRef = FE48C16C2B60E0CE005462AE /* Assets.xcassets */; };
		FE48C1702B60E0CE005462AE /* Preview Assets.xcassets in Resources */ = {isa = PBXBuildFile; fileRef = FE48C16F2B60E0CE005462AE /* Preview Assets.xcassets */; };
		FE48C17D2B60E1BA005462AE /* Game in Frameworks */ = {isa = PBXBuildFile; productRef = FE48C17C2B60E1BA005462AE /* Game */; };
		FE48C17F2B60E1E8005462AE /* HomePresenter.swift in Sources */ = {isa = PBXBuildFile; fileRef = FE48C17E2B60E1E8005462AE /* HomePresenter.swift */; };
		FE48C1812B60E1FF005462AE /* HomeRouter.swift in Sources */ = {isa = PBXBuildFile; fileRef = FE48C1802B60E1FF005462AE /* HomeRouter.swift */; };
		FE48C1832B60E215005462AE /* HomeView.swift in Sources */ = {isa = PBXBuildFile; fileRef = FE48C1822B60E215005462AE /* HomeView.swift */; };
		FE48C1852B60E22F005462AE /* GameRow.swift in Sources */ = {isa = PBXBuildFile; fileRef = FE48C1842B60E22F005462AE /* GameRow.swift */; };
		FE48C18A2B60E261005462AE /* DetailPresenter.swift in Sources */ = {isa = PBXBuildFile; fileRef = FE48C1892B60E261005462AE /* DetailPresenter.swift */; };
		FE48C18C2B60E271005462AE /* DetailView.swift in Sources */ = {isa = PBXBuildFile; fileRef = FE48C18B2B60E271005462AE /* DetailView.swift */; };
		FE48C18F2B60E29C005462AE /* FavoritePresenter.swift in Sources */ = {isa = PBXBuildFile; fileRef = FE48C18E2B60E29C005462AE /* FavoritePresenter.swift */; };
		FE48C1932B60E2CC005462AE /* FavoriteRouter.swift in Sources */ = {isa = PBXBuildFile; fileRef = FE48C1922B60E2CC005462AE /* FavoriteRouter.swift */; };
		FE48C1962B60E2EB005462AE /* FavoriteView.swift in Sources */ = {isa = PBXBuildFile; fileRef = FE48C1952B60E2EB005462AE /* FavoriteView.swift */; };
		FE48C1992B60E392005462AE /* ProfileView.swift in Sources */ = {isa = PBXBuildFile; fileRef = FE48C1982B60E392005462AE /* ProfileView.swift */; };
/* End PBXBuildFile section */

/* Begin PBXFileReference section */
		FE48C1652B60E0CD005462AE /* ios-submission.app */ = {isa = PBXFileReference; explicitFileType = wrapper.application; includeInIndex = 0; path = "ios-submission.app"; sourceTree = BUILT_PRODUCTS_DIR; };
		FE48C1682B60E0CD005462AE /* ios_submissionApp.swift */ = {isa = PBXFileReference; lastKnownFileType = sourcecode.swift; path = ios_submissionApp.swift; sourceTree = "<group>"; };
		FE48C16A2B60E0CD005462AE /* ContentView.swift */ = {isa = PBXFileReference; lastKnownFileType = sourcecode.swift; path = ContentView.swift; sourceTree = "<group>"; };
		FE48C16C2B60E0CE005462AE /* Assets.xcassets */ = {isa = PBXFileReference; lastKnownFileType = folder.assetcatalog; path = Assets.xcassets; sourceTree = "<group>"; };
		FE48C16F2B60E0CE005462AE /* Preview Assets.xcassets */ = {isa = PBXFileReference; lastKnownFileType = folder.assetcatalog; path = "Preview Assets.xcassets"; sourceTree = "<group>"; };
		FE48C17E2B60E1E8005462AE /* HomePresenter.swift */ = {isa = PBXFileReference; lastKnownFileType = sourcecode.swift; path = HomePresenter.swift; sourceTree = "<group>"; };
		FE48C1802B60E1FF005462AE /* HomeRouter.swift */ = {isa = PBXFileReference; lastKnownFileType = sourcecode.swift; path = HomeRouter.swift; sourceTree = "<group>"; };
		FE48C1822B60E215005462AE /* HomeView.swift */ = {isa = PBXFileReference; lastKnownFileType = sourcecode.swift; path = HomeView.swift; sourceTree = "<group>"; };
		FE48C1842B60E22F005462AE /* GameRow.swift */ = {isa = PBXFileReference; lastKnownFileType = sourcecode.swift; path = GameRow.swift; sourceTree = "<group>"; };
		FE48C1892B60E261005462AE /* DetailPresenter.swift */ = {isa = PBXFileReference; lastKnownFileType = sourcecode.swift; path = DetailPresenter.swift; sourceTree = "<group>"; };
		FE48C18B2B60E271005462AE /* DetailView.swift */ = {isa = PBXFileReference; lastKnownFileType = sourcecode.swift; path = DetailView.swift; sourceTree = "<group>"; };
		FE48C18E2B60E29C005462AE /* FavoritePresenter.swift */ = {isa = PBXFileReference; lastKnownFileType = sourcecode.swift; path = FavoritePresenter.swift; sourceTree = "<group>"; };
		FE48C1922B60E2CC005462AE /* FavoriteRouter.swift */ = {isa = PBXFileReference; lastKnownFileType = sourcecode.swift; path = FavoriteRouter.swift; sourceTree = "<group>"; };
		FE48C1952B60E2EB005462AE /* FavoriteView.swift */ = {isa = PBXFileReference; lastKnownFileType = sourcecode.swift; path = FavoriteView.swift; sourceTree = "<group>"; };
		FE48C1982B60E392005462AE /* ProfileView.swift */ = {isa = PBXFileReference; lastKnownFileType = sourcecode.swift; path = ProfileView.swift; sourceTree = "<group>"; };
/* End PBXFileReference section */

/* Begin PBXFrameworksBuildPhase section */
		FE48C1622B60E0CD005462AE /* Frameworks */ = {
			isa = PBXFrameworksBuildPhase;
			buildActionMask = 2147483647;
			files = (
				FE48C17D2B60E1BA005462AE /* Game in Frameworks */,
			);
			runOnlyForDeploymentPostprocessing = 0;
		};
/* End PBXFrameworksBuildPhase section */

/* Begin PBXGroup section */
		FE48C15C2B60E0CD005462AE = {
			isa = PBXGroup;
			children = (
				FE48C1672B60E0CD005462AE /* ios-submission */,
				FE48C1662B60E0CD005462AE /* Products */,
			);
			sourceTree = "<group>";
		};
		FE48C1662B60E0CD005462AE /* Products */ = {
			isa = PBXGroup;
			children = (
				FE48C1652B60E0CD005462AE /* ios-submission.app */,
			);
			name = Products;
			sourceTree = "<group>";
		};
		FE48C1672B60E0CD005462AE /* ios-submission */ = {
			isa = PBXGroup;
			children = (
				FE48C1762B60E162005462AE /* UI */,
				FE48C1682B60E0CD005462AE /* ios_submissionApp.swift */,
				FE48C16A2B60E0CD005462AE /* ContentView.swift */,
				FE48C16C2B60E0CE005462AE /* Assets.xcassets */,
				FE48C16E2B60E0CE005462AE /* Preview Content */,
			);
			path = "ios-submission";
			sourceTree = "<group>";
		};
		FE48C16E2B60E0CE005462AE /* Preview Content */ = {
			isa = PBXGroup;
			children = (
				FE48C16F2B60E0CE005462AE /* Preview Assets.xcassets */,
			);
			path = "Preview Content";
			sourceTree = "<group>";
		};
		FE48C1762B60E162005462AE /* UI */ = {
			isa = PBXGroup;
			children = (
				FE48C1972B60E386005462AE /* Profile */,
				FE48C18D2B60E28F005462AE /* Favorite */,
				FE48C1862B60E242005462AE /* Detail */,
				FE48C1772B60E16A005462AE /* Home */,
			);
			path = UI;
			sourceTree = "<group>";
		};
		FE48C1772B60E16A005462AE /* Home */ = {
			isa = PBXGroup;
			children = (
				FE48C17A2B60E177005462AE /* Views */,
				FE48C1792B60E173005462AE /* Router */,
				FE48C1782B60E16E005462AE /* Presenter */,
			);
			path = Home;
			sourceTree = "<group>";
		};
		FE48C1782B60E16E005462AE /* Presenter */ = {
			isa = PBXGroup;
			children = (
				FE48C17E2B60E1E8005462AE /* HomePresenter.swift */,
			);
			path = Presenter;
			sourceTree = "<group>";
		};
		FE48C1792B60E173005462AE /* Router */ = {
			isa = PBXGroup;
			children = (
				FE48C1802B60E1FF005462AE /* HomeRouter.swift */,
			);
			path = Router;
			sourceTree = "<group>";
		};
		FE48C17A2B60E177005462AE /* Views */ = {
			isa = PBXGroup;
			children = (
				FE48C1822B60E215005462AE /* HomeView.swift */,
				FE48C1842B60E22F005462AE /* GameRow.swift */,
			);
			path = Views;
			sourceTree = "<group>";
		};
		FE48C1862B60E242005462AE /* Detail */ = {
			isa = PBXGroup;
			children = (
				FE48C1882B60E24E005462AE /* Views */,
				FE48C1872B60E248005462AE /* Presenter */,
			);
			path = Detail;
			sourceTree = "<group>";
		};
		FE48C1872B60E248005462AE /* Presenter */ = {
			isa = PBXGroup;
			children = (
				FE48C1892B60E261005462AE /* DetailPresenter.swift */,
			);
			path = Presenter;
			sourceTree = "<group>";
		};
		FE48C1882B60E24E005462AE /* Views */ = {
			isa = PBXGroup;
			children = (
				FE48C18B2B60E271005462AE /* DetailView.swift */,
			);
			path = Views;
			sourceTree = "<group>";
		};
		FE48C18D2B60E28F005462AE /* Favorite */ = {
			isa = PBXGroup;
			children = (
				FE48C1942B60E2DA005462AE /* Views */,
				FE48C1912B60E2BB005462AE /* Router */,
				FE48C1902B60E2B1005462AE /* Presenter */,
			);
			path = Favorite;
			sourceTree = "<group>";
		};
		FE48C1902B60E2B1005462AE /* Presenter */ = {
			isa = PBXGroup;
			children = (
				FE48C18E2B60E29C005462AE /* FavoritePresenter.swift */,
			);
			path = Presenter;
			sourceTree = "<group>";
		};
		FE48C1912B60E2BB005462AE /* Router */ = {
			isa = PBXGroup;
			children = (
				FE48C1922B60E2CC005462AE /* FavoriteRouter.swift */,
			);
			path = Router;
			sourceTree = "<group>";
		};
		FE48C1942B60E2DA005462AE /* Views */ = {
			isa = PBXGroup;
			children = (
				FE48C1952B60E2EB005462AE /* FavoriteView.swift */,
			);
			path = Views;
			sourceTree = "<group>";
		};
		FE48C1972B60E386005462AE /* Profile */ = {
			isa = PBXGroup;
			children = (
				FE48C1982B60E392005462AE /* ProfileView.swift */,
			);
			path = Profile;
			sourceTree = "<group>";
		};
/* End PBXGroup section */

/* Begin PBXNativeTarget section */
		FE48C1642B60E0CD005462AE /* ios-submission */ = {
			isa = PBXNativeTarget;
			buildConfigurationList = FE48C1732B60E0CE005462AE /* Build configuration list for PBXNativeTarget "ios-submission" */;
			buildPhases = (
				FE48C1612B60E0CD005462AE /* Sources */,
				FE48C1622B60E0CD005462AE /* Frameworks */,
				FE48C1632B60E0CD005462AE /* Resources */,
			);
			buildRules = (
			);
			dependencies = (
			);
			name = "ios-submission";
			packageProductDependencies = (
				FE48C17C2B60E1BA005462AE /* Game */,
			);
			productName = "ios-submission";
			productReference = FE48C1652B60E0CD005462AE /* ios-submission.app */;
			productType = "com.apple.product-type.application";
		};
/* End PBXNativeTarget section */

/* Begin PBXProject section */
		FE48C15D2B60E0CD005462AE /* Project object */ = {
			isa = PBXProject;
			attributes = {
				BuildIndependentTargetsInParallel = 1;
				LastSwiftUpdateCheck = 1430;
				LastUpgradeCheck = 1430;
				TargetAttributes = {
					FE48C1642B60E0CD005462AE = {
						CreatedOnToolsVersion = 14.3;
					};
				};
			};
			buildConfigurationList = FE48C1602B60E0CD005462AE /* Build configuration list for PBXProject "ios-submission" */;
			compatibilityVersion = "Xcode 14.0";
			developmentRegion = en;
			hasScannedForEncodings = 0;
			knownRegions = (
				en,
				Base,
			);
			mainGroup = FE48C15C2B60E0CD005462AE;
			packageReferences = (
				FE48C17B2B60E1BA005462AE /* XCRemoteSwiftPackageReference "ios-game-package" */,
			);
			productRefGroup = FE48C1662B60E0CD005462AE /* Products */;
			projectDirPath = "";
			projectRoot = "";
			targets = (
				FE48C1642B60E0CD005462AE /* ios-submission */,
			);
		};
/* End PBXProject section */

/* Begin PBXResourcesBuildPhase section */
		FE48C1632B60E0CD005462AE /* Resources */ = {
			isa = PBXResourcesBuildPhase;
			buildActionMask = 2147483647;
			files = (
				FE48C1702B60E0CE005462AE /* Preview Assets.xcassets in Resources */,
				FE48C16D2B60E0CE005462AE /* Assets.xcassets in Resources */,
			);
			runOnlyForDeploymentPostprocessing = 0;
		};
/* End PBXResourcesBuildPhase section */

/* Begin PBXSourcesBuildPhase section */
		FE48C1612B60E0CD005462AE /* Sources */ = {
			isa = PBXSourcesBuildPhase;
			buildActionMask = 2147483647;
			files = (
				FE48C1932B60E2CC005462AE /* FavoriteRouter.swift in Sources */,
				FE48C17F2B60E1E8005462AE /* HomePresenter.swift in Sources */,
				FE48C18C2B60E271005462AE /* DetailView.swift in Sources */,
				FE48C1812B60E1FF005462AE /* HomeRouter.swift in Sources */,
				FE48C1992B60E392005462AE /* ProfileView.swift in Sources */,
				FE48C1852B60E22F005462AE /* GameRow.swift in Sources */,
				FE48C1962B60E2EB005462AE /* FavoriteView.swift in Sources */,
				FE48C16B2B60E0CD005462AE /* ContentView.swift in Sources */,
				FE48C1832B60E215005462AE /* HomeView.swift in Sources */,
				FE48C18F2B60E29C005462AE /* FavoritePresenter.swift in Sources */,
				FE48C18A2B60E261005462AE /* DetailPresenter.swift in Sources */,
				FE48C1692B60E0CD005462AE /* ios_submissionApp.swift in Sources */,
			);
			runOnlyForDeploymentPostprocessing = 0;
		};
/* End PBXSourcesBuildPhase section */

/* Begin XCBuildConfiguration section */
		FE48C1712B60E0CE005462AE /* Debug */ = {
			isa = XCBuildConfiguration;
			buildSettings = {
				ALWAYS_SEARCH_USER_PATHS = NO;
				CLANG_ANALYZER_NONNULL = YES;
				CLANG_ANALYZER_NUMBER_OBJECT_CONVERSION = YES_AGGRESSIVE;
				CLANG_CXX_LANGUAGE_STANDARD = "gnu++20";
				CLANG_ENABLE_MODULES = YES;
				CLANG_ENABLE_OBJC_ARC = YES;
				CLANG_ENABLE_OBJC_WEAK = YES;
				CLANG_WARN_BLOCK_CAPTURE_AUTORELEASING = YES;
				CLANG_WARN_BOOL_CONVERSION = YES;
				CLANG_WARN_COMMA = YES;
				CLANG_WARN_CONSTANT_CONVERSION = YES;
				CLANG_WARN_DEPRECATED_OBJC_IMPLEMENTATIONS = YES;
				CLANG_WARN_DIRECT_OBJC_ISA_USAGE = YES_ERROR;
				CLANG_WARN_DOCUMENTATION_COMMENTS = YES;
				CLANG_WARN_EMPTY_BODY = YES;
				CLANG_WARN_ENUM_CONVERSION = YES;
				CLANG_WARN_INFINITE_RECURSION = YES;
				CLANG_WARN_INT_CONVERSION = YES;
				CLANG_WARN_NON_LITERAL_NULL_CONVERSION = YES;
				CLANG_WARN_OBJC_IMPLICIT_RETAIN_SELF = YES;
				CLANG_WARN_OBJC_LITERAL_CONVERSION = YES;
				CLANG_WARN_OBJC_ROOT_CLASS = YES_ERROR;
				CLANG_WARN_QUOTED_INCLUDE_IN_FRAMEWORK_HEADER = YES;
				CLANG_WARN_RANGE_LOOP_ANALYSIS = YES;
				CLANG_WARN_STRICT_PROTOTYPES = YES;
				CLANG_WARN_SUSPICIOUS_MOVE = YES;
				CLANG_WARN_UNGUARDED_AVAILABILITY = YES_AGGRESSIVE;
				CLANG_WARN_UNREACHABLE_CODE = YES;
				CLANG_WARN__DUPLICATE_METHOD_MATCH = YES;
				COPY_PHASE_STRIP = NO;
				DEBUG_INFORMATION_FORMAT = dwarf;
				ENABLE_STRICT_OBJC_MSGSEND = YES;
				ENABLE_TESTABILITY = YES;
				GCC_C_LANGUAGE_STANDARD = gnu11;
				GCC_DYNAMIC_NO_PIC = NO;
				GCC_NO_COMMON_BLOCKS = YES;
				GCC_OPTIMIZATION_LEVEL = 0;
				GCC_PREPROCESSOR_DEFINITIONS = (
					"DEBUG=1",
					"$(inherited)",
				);
				GCC_WARN_64_TO_32_BIT_CONVERSION = YES;
				GCC_WARN_ABOUT_RETURN_TYPE = YES_ERROR;
				GCC_WARN_UNDECLARED_SELECTOR = YES;
				GCC_WARN_UNINITIALIZED_AUTOS = YES_AGGRESSIVE;
				GCC_WARN_UNUSED_FUNCTION = YES;
				GCC_WARN_UNUSED_VARIABLE = YES;
				IPHONEOS_DEPLOYMENT_TARGET = 15.0;
				MTL_ENABLE_DEBUG_INFO = INCLUDE_SOURCE;
				MTL_FAST_MATH = YES;
				ONLY_ACTIVE_ARCH = YES;
				SDKROOT = iphoneos;
				SWIFT_ACTIVE_COMPILATION_CONDITIONS = DEBUG;
				SWIFT_OPTIMIZATION_LEVEL = "-Onone";
			};
			name = Debug;
		};
		FE48C1722B60E0CE005462AE /* Release */ = {
			isa = XCBuildConfiguration;
			buildSettings = {
				ALWAYS_SEARCH_USER_PATHS = NO;
				CLANG_ANALYZER_NONNULL = YES;
				CLANG_ANALYZER_NUMBER_OBJECT_CONVERSION = YES_AGGRESSIVE;
				CLANG_CXX_LANGUAGE_STANDARD = "gnu++20";
				CLANG_ENABLE_MODULES = YES;
				CLANG_ENABLE_OBJC_ARC = YES;
				CLANG_ENABLE_OBJC_WEAK = YES;
				CLANG_WARN_BLOCK_CAPTURE_AUTORELEASING = YES;
				CLANG_WARN_BOOL_CONVERSION = YES;
				CLANG_WARN_COMMA = YES;
				CLANG_WARN_CONSTANT_CONVERSION = YES;
				CLANG_WARN_DEPRECATED_OBJC_IMPLEMENTATIONS = YES;
				CLANG_WARN_DIRECT_OBJC_ISA_USAGE = YES_ERROR;
				CLANG_WARN_DOCUMENTATION_COMMENTS = YES;
				CLANG_WARN_EMPTY_BODY = YES;
				CLANG_WARN_ENUM_CONVERSION = YES;
				CLANG_WARN_INFINITE_RECURSION = YES;
				CLANG_WARN_INT_CONVERSION = YES;
				CLANG_WARN_NON_LITERAL_NULL_CONVERSION = YES;
				CLANG_WARN_OBJC_IMPLICIT_RETAIN_SELF = YES;
				CLANG_WARN_OBJC_LITERAL_CONVERSION = YES;
				CLANG_WARN_OBJC_ROOT_CLASS = YES_ERROR;
				CLANG_WARN_QUOTED_INCLUDE_IN_FRAMEWORK_HEADER = YES;
				CLANG_WARN_RANGE_LOOP_ANALYSIS = YES;
				CLANG_WARN_STRICT_PROTOTYPES = YES;
				CLANG_WARN_SUSPICIOUS_MOVE = YES;
				CLANG_WARN_UNGUARDED_AVAILABILITY = YES_AGGRESSIVE;
				CLANG_WARN_UNREACHABLE_CODE = YES;
				CLANG_WARN__DUPLICATE_METHOD_MATCH = YES;
				COPY_PHASE_STRIP = NO;
				DEBUG_INFORMATION_FORMAT = "dwarf-with-dsym";
				ENABLE_NS_ASSERTIONS = NO;
				ENABLE_STRICT_OBJC_MSGSEND = YES;
				GCC_C_LANGUAGE_STANDARD = gnu11;
				GCC_NO_COMMON_BLOCKS = YES;
				GCC_WARN_64_TO_32_BIT_CONVERSION = YES;
				GCC_WARN_ABOUT_RETURN_TYPE = YES_ERROR;
				GCC_WARN_UNDECLARED_SELECTOR = YES;
				GCC_WARN_UNINITIALIZED_AUTOS = YES_AGGRESSIVE;
				GCC_WARN_UNUSED_FUNCTION = YES;
				GCC_WARN_UNUSED_VARIABLE = YES;
				IPHONEOS_DEPLOYMENT_TARGET = 15.0;
				MTL_ENABLE_DEBUG_INFO = NO;
				MTL_FAST_MATH = YES;
				SDKROOT = iphoneos;
				SWIFT_COMPILATION_MODE = wholemodule;
				SWIFT_OPTIMIZATION_LEVEL = "-O";
				VALIDATE_PRODUCT = YES;
			};
			name = Release;
		};
		FE48C1742B60E0CE005462AE /* Debug */ = {
			isa = XCBuildConfiguration;
			buildSettings = {
				ASSETCATALOG_COMPILER_APPICON_NAME = AppIcon;
				ASSETCATALOG_COMPILER_GLOBAL_ACCENT_COLOR_NAME = AccentColor;
				CODE_SIGN_STYLE = Automatic;
				CURRENT_PROJECT_VERSION = 1;
				DEVELOPMENT_ASSET_PATHS = "\"ios-submission/Preview Content\"";
				ENABLE_PREVIEWS = YES;
				GENERATE_INFOPLIST_FILE = YES;
				INFOPLIST_KEY_UIApplicationSceneManifest_Generation = YES;
				INFOPLIST_KEY_UIApplicationSupportsIndirectInputEvents = YES;
				INFOPLIST_KEY_UILaunchScreen_Generation = YES;
				INFOPLIST_KEY_UISupportedInterfaceOrientations_iPad = "UIInterfaceOrientationPortrait UIInterfaceOrientationPortraitUpsideDown UIInterfaceOrientationLandscapeLeft UIInterfaceOrientationLandscapeRight";
				INFOPLIST_KEY_UISupportedInterfaceOrientations_iPhone = "UIInterfaceOrientationPortrait UIInterfaceOrientationLandscapeLeft UIInterfaceOrientationLandscapeRight";
				LD_RUNPATH_SEARCH_PATHS = (
					"$(inherited)",
					"@executable_path/Frameworks",
				);
				MARKETING_VERSION = 1.0;
				PRODUCT_BUNDLE_IDENTIFIER = "com.magistraapta.ios-submission";
				PRODUCT_NAME = "$(TARGET_NAME)";
				SWIFT_EMIT_LOC_STRINGS = YES;
				SWIFT_VERSION = 5.0;
				TARGETED_DEVICE_FAMILY = "1,2";
			};
			name = Debug;
		};
		FE48C1752B60E0CE005462AE /* Release */ = {
			isa = XCBuildConfiguration;
			buildSettings = {
				ASSETCATALOG_COMPILER_APPICON_NAME = AppIcon;
				ASSETCATALOG_COMPILER_GLOBAL_ACCENT_COLOR_NAME = AccentColor;
				CODE_SIGN_STYLE = Automatic;
				CURRENT_PROJECT_VERSION = 1;
				DEVELOPMENT_ASSET_PATHS = "\"ios-submission/Preview Content\"";
				ENABLE_PREVIEWS = YES;
				GENERATE_INFOPLIST_FILE = YES;
				INFOPLIST_KEY_UIApplicationSceneManifest_Generation = YES;
				INFOPLIST_KEY_UIApplicationSupportsIndirectInputEvents = YES;
				INFOPLIST_KEY_UILaunchScreen_Generation = YES;
				INFOPLIST_KEY_UISupportedInterfaceOrientations_iPad = "UIInterfaceOrientationPortrait UIInterfaceOrientationPortraitUpsideDown UIInterfaceOrientationLandscapeLeft UIInterfaceOrientationLandscapeRight";
				INFOPLIST_KEY_UISupportedInterfaceOrientations_iPhone = "UIInterfaceOrientationPortrait UIInterfaceOrientationLandscapeLeft UIInterfaceOrientationLandscapeRight";
				LD_RUNPATH_SEARCH_PATHS = (
					"$(inherited)",
					"@executable_path/Frameworks",
				);
				MARKETING_VERSION = 1.0;
				PRODUCT_BUNDLE_IDENTIFIER = "com.magistraapta.ios-submission";
				PRODUCT_NAME = "$(TARGET_NAME)";
				SWIFT_EMIT_LOC_STRINGS = YES;
				SWIFT_VERSION = 5.0;
				TARGETED_DEVICE_FAMILY = "1,2";
			};
			name = Release;
		};
/* End XCBuildConfiguration section */

/* Begin XCConfigurationList section */
		FE48C1602B60E0CD005462AE /* Build configuration list for PBXProject "ios-submission" */ = {
			isa = XCConfigurationList;
			buildConfigurations = (
				FE48C1712B60E0CE005462AE /* Debug */,
				FE48C1722B60E0CE005462AE /* Release */,
			);
			defaultConfigurationIsVisible = 0;
			defaultConfigurationName = Release;
		};
		FE48C1732B60E0CE005462AE /* Build configuration list for PBXNativeTarget "ios-submission" */ = {
			isa = XCConfigurationList;
			buildConfigurations = (
				FE48C1742B60E0CE005462AE /* Debug */,
				FE48C1752B60E0CE005462AE /* Release */,
			);
			defaultConfigurationIsVisible = 0;
			defaultConfigurationName = Release;
		};
/* End XCConfigurationList section */

/* Begin XCRemoteSwiftPackageReference section */
		FE48C17B2B60E1BA005462AE /* XCRemoteSwiftPackageReference "ios-game-package" */ = {
			isa = XCRemoteSwiftPackageReference;
			repositoryURL = "https://github.com/magistraapta/ios-game-package";
			requirement = {
				branch = main;
				kind = branch;
			};
		};
/* End XCRemoteSwiftPackageReference section */

/* Begin XCSwiftPackageProductDependency section */
		FE48C17C2B60E1BA005462AE /* Game */ = {
			isa = XCSwiftPackageProductDependency;
			package = FE48C17B2B60E1BA005462AE /* XCRemoteSwiftPackageReference "ios-game-package" */;
			productName = Game;
		};
/* End XCSwiftPackageProductDependency section */
	};
	rootObject = FE48C15D2B60E0CD005462AE /* Project object */;
}
